{
  "lockVersion": 1,
  "packages": {
    "gl": {
      "url": "github.com/milo-language/gl",
      "version": "v0.1.2",
      "commit": "44e00bd52f6bfe9ba5d8bce01bc694450be1051f",
      "hash": "sha256:809f05ad93e8508d21de055c363d60f12838d7831d060d59d9cda2e8b66a2c76",
      "deps": []
    },
    "sdl": {
      "url": "github.com/milo-language/milo-sdl",
      "version": "v0.2.0",
      "commit": "c4bdffaf1cac8fa41451d8c20b2f250237cdd864",
      "hash": "sha256:ef09934c4a8e5849515fc0f380d242aa9dfb421deda1d6bff1b94ec21503aa8f",
      "deps": []
    }
  }
}
