{
  "lockVersion": 1,
  "packages": {
    "sdl": {
      "url": "github.com/milo-language/milo-sdl",
      "version": "v0.3.1",
      "commit": "b42758800563c6dde20ab55658db85145dce6211",
      "hash": "sha256:5fbca9edb538e58663e9ac740fe960893f3fa28842eccf8d80ad01ddc923024b",
      "deps": []
    }
  }
}
