{
  "lockVersion": 1,
  "packages": {
    "gl": {
      "url": "github.com/milo-language/milo-gl",
      "version": "v0.2.0",
      "commit": "bf214905493a411a174bdacba7bec069df253118",
      "hash": "sha256:c35a99b2bfcdaa343b9c626404045b4be5e19e5f6dab5b0bbfd0f9103ca664e4",
      "deps": []
    },
    "sdl": {
      "url": "github.com/milo-language/milo-sdl",
      "version": "v0.3.1",
      "commit": "b42758800563c6dde20ab55658db85145dce6211",
      "hash": "sha256:5fbca9edb538e58663e9ac740fe960893f3fa28842eccf8d80ad01ddc923024b",
      "deps": []
    }
  }
}
