{
  "lockVersion": 1,
  "packages": {
    "gl": {
      "url": "github.com/milo-language/milo-gl",
      "version": "v0.1.3",
      "commit": "341fe4654b5905538bc4ed0ce3111168ef953fff",
      "hash": "sha256:be9aba4ad7f4be838867fe50f8c4d2a1ac3378b0978266cd38898a0241f8c504",
      "deps": []
    }
  }
}
