{
  "lockVersion": 1,
  "packages": {
    "gl": {
      "url": "github.com/milo-language/milo-gl",
      "version": "v0.2.0",
      "commit": "bf214905493a411a174bdacba7bec069df253118",
      "hash": "sha256:c35a99b2bfcdaa343b9c626404045b4be5e19e5f6dab5b0bbfd0f9103ca664e4",
      "deps": []
    }
  }
}
